
Microsoft Visual Studio Solution File, Format Version 12.00
# Visual Studio 15
VisualStudioVersion = 15.0.27004.2009
MinimumVisualStudioVersion = 10.0.40219.1
Project("{FAE04EC0-301F-11D3-BF4B-00C04F79EFBC}") = "TestTaskService", "TestTaskService\TestTaskService.csproj", "{207F8F60-0A74-4959-8623-5D258EB133EB}"
	ProjectSection(ProjectDependencies) = postProject
		{5279D487-59FA-4D01-9D7A-EA7387D8B67C} = {5279D487-59FA-4D01-9D7A-EA7387D8B67C}
	EndProjectSection
EndProject
Project("{F184B08F-C81C-45F6-A57F-5ABD9991F28F}") = "VBTestTaskService", "VBTestTaskService\VBTestTaskService.vbproj", "{8C410535-95B6-434B-A03D-1359884D0410}"
EndProject
Project("{FAE04EC0-301F-11D3-BF4B-00C04F79EFBC}") = "TaskEditor", "TaskEditor\TaskEditor.csproj", "{5279D487-59FA-4D01-9D7A-EA7387D8B67C}"
EndProject
Project("{7CF6DF6D-3B04-46F8-A40B-537D21BCA0B4}") = "TaskSchedulerHelp", "TaskSchedulerHelp\TaskSchedulerHelp.shfbproj", "{DE4DC8A8-9008-4769-A7C2-F52F4F733944}"
	ProjectSection(ProjectDependencies) = postProject
		{5279D487-59FA-4D01-9D7A-EA7387D8B67C} = {5279D487-59FA-4D01-9D7A-EA7387D8B67C}
	EndProjectSection
EndProject
Project("{9A19103F-16F7-4668-BE54-9A1E7A4F7556}") = "TaskService", "TaskService\TaskService.csproj", "{8B1F5F40-510E-4128-92D4-6CBF85DA952D}"
EndProject
Project("{9A19103F-16F7-4668-BE54-9A1E7A4F7556}") = "TestTaskServiceConsole", "TestTaskServiceConsole\TestTaskServiceConsole.csproj", "{7091A61E-0F5C-4FEA-B2F3-2538D53790CD}"
EndProject
Project("{FAE04EC0-301F-11D3-BF4B-00C04F79EFBC}") = "TaskSchedulerMockup", "TaskSchedulerMockup\TaskSchedulerMockup.csproj", "{E9B8220B-6104-4FB2-BE74-18562ED032B7}"
EndProject
Project("{FAE04EC0-301F-11D3-BF4B-00C04F79EFBC}") = "TaskEditorUWP", "TaskEditorUWP\TaskEditorUWP.csproj", "{EFEFAA42-3F34-445E-B63F-2C6BA54EDAA7}"
EndProject
Project("{FAE04EC0-301F-11D3-BF4B-00C04F79EFBC}") = "UnitTests", "UnitTests\UnitTests.csproj", "{8EDF4429-251A-416D-BB68-93F227191BCF}"
EndProject
Global
	GlobalSection(SolutionConfigurationPlatforms) = preSolution
		Debug|Any CPU = Debug|Any CPU
		Debug|ARM = Debug|ARM
		Debug|ARM64 = Debug|ARM64
		Debug|Mixed Platforms = Debug|Mixed Platforms
		Debug|x64 = Debug|x64
		Debug|x86 = Debug|x86
		Release|Any CPU = Release|Any CPU
		Release|ARM = Release|ARM
		Release|ARM64 = Release|ARM64
		Release|Mixed Platforms = Release|Mixed Platforms
		Release|x64 = Release|x64
		Release|x86 = Release|x86
	EndGlobalSection
	GlobalSection(ProjectConfigurationPlatforms) = postSolution
		{207F8F60-0A74-4959-8623-5D258EB133EB}.Debug|Any CPU.ActiveCfg = Debug|Any CPU
		{207F8F60-0A74-4959-8623-5D258EB133EB}.Debug|Any CPU.Build.0 = Debug|Any CPU
		{207F8F60-0A74-4959-8623-5D258EB133EB}.Debug|ARM.ActiveCfg = Debug|Any CPU
		{207F8F60-0A74-4959-8623-5D258EB133EB}.Debug|ARM.Build.0 = Debug|Any CPU
		{207F8F60-0A74-4959-8623-5D258EB133EB}.Debug|ARM64.ActiveCfg = Debug|Any CPU
		{207F8F60-0A74-4959-8623-5D258EB133EB}.Debug|ARM64.Build.0 = Debug|Any CPU
		{207F8F60-0A74-4959-8623-5D258EB133EB}.Debug|Mixed Platforms.ActiveCfg = Debug|Any CPU
		{207F8F60-0A74-4959-8623-5D258EB133EB}.Debug|Mixed Platforms.Build.0 = Debug|Any CPU
		{207F8F60-0A74-4959-8623-5D258EB133EB}.Debug|x64.ActiveCfg = Debug|Any CPU
		{207F8F60-0A74-4959-8623-5D258EB133EB}.Debug|x64.Build.0 = Debug|Any CPU
		{207F8F60-0A74-4959-8623-5D258EB133EB}.Debug|x86.ActiveCfg = Debug|Any CPU
		{207F8F60-0A74-4959-8623-5D258EB133EB}.Release|Any CPU.ActiveCfg = Release|Any CPU
		{207F8F60-0A74-4959-8623-5D258EB133EB}.Release|Any CPU.Build.0 = Release|Any CPU
		{207F8F60-0A74-4959-8623-5D258EB133EB}.Release|ARM.ActiveCfg = Release|Any CPU
		{207F8F60-0A74-4959-8623-5D258EB133EB}.Release|ARM.Build.0 = Release|Any CPU
		{207F8F60-0A74-4959-8623-5D258EB133EB}.Release|ARM64.ActiveCfg = Release|Any CPU
		{207F8F60-0A74-4959-8623-5D258EB133EB}.Release|ARM64.Build.0 = Release|Any CPU
		{207F8F60-0A74-4959-8623-5D258EB133EB}.Release|Mixed Platforms.ActiveCfg = Release|Any CPU
		{207F8F60-0A74-4959-8623-5D258EB133EB}.Release|Mixed Platforms.Build.0 = Release|Any CPU
		{207F8F60-0A74-4959-8623-5D258EB133EB}.Release|x64.ActiveCfg = Release|Any CPU
		{207F8F60-0A74-4959-8623-5D258EB133EB}.Release|x64.Build.0 = Release|Any CPU
		{207F8F60-0A74-4959-8623-5D258EB133EB}.Release|x86.ActiveCfg = Release|Any CPU
		{8C410535-95B6-434B-A03D-1359884D0410}.Debug|Any CPU.ActiveCfg = Debug|Any CPU
		{8C410535-95B6-434B-A03D-1359884D0410}.Debug|ARM.ActiveCfg = Debug|Any CPU
		{8C410535-95B6-434B-A03D-1359884D0410}.Debug|ARM.Build.0 = Debug|Any CPU
		{8C410535-95B6-434B-A03D-1359884D0410}.Debug|ARM64.ActiveCfg = Debug|Any CPU
		{8C410535-95B6-434B-A03D-1359884D0410}.Debug|ARM64.Build.0 = Debug|Any CPU
		{8C410535-95B6-434B-A03D-1359884D0410}.Debug|Mixed Platforms.ActiveCfg = Debug|Any CPU
		{8C410535-95B6-434B-A03D-1359884D0410}.Debug|x64.ActiveCfg = Debug|Any CPU
		{8C410535-95B6-434B-A03D-1359884D0410}.Debug|x64.Build.0 = Debug|Any CPU
		{8C410535-95B6-434B-A03D-1359884D0410}.Debug|x86.ActiveCfg = Debug|Any CPU
		{8C410535-95B6-434B-A03D-1359884D0410}.Release|Any CPU.ActiveCfg = Release|Any CPU
		{8C410535-95B6-434B-A03D-1359884D0410}.Release|ARM.ActiveCfg = Release|Any CPU
		{8C410535-95B6-434B-A03D-1359884D0410}.Release|ARM.Build.0 = Release|Any CPU
		{8C410535-95B6-434B-A03D-1359884D0410}.Release|ARM64.ActiveCfg = Release|Any CPU
		{8C410535-95B6-434B-A03D-1359884D0410}.Release|ARM64.Build.0 = Release|Any CPU
		{8C410535-95B6-434B-A03D-1359884D0410}.Release|Mixed Platforms.ActiveCfg = Release|Any CPU
		{8C410535-95B6-434B-A03D-1359884D0410}.Release|Mixed Platforms.Build.0 = Release|Any CPU
		{8C410535-95B6-434B-A03D-1359884D0410}.Release|x64.ActiveCfg = Release|Any CPU
		{8C410535-95B6-434B-A03D-1359884D0410}.Release|x64.Build.0 = Release|Any CPU
		{8C410535-95B6-434B-A03D-1359884D0410}.Release|x86.ActiveCfg = Release|Any CPU
		{5279D487-59FA-4D01-9D7A-EA7387D8B67C}.Debug|Any CPU.ActiveCfg = Debug|Any CPU
		{5279D487-59FA-4D01-9D7A-EA7387D8B67C}.Debug|Any CPU.Build.0 = Debug|Any CPU
		{5279D487-59FA-4D01-9D7A-EA7387D8B67C}.Debug|ARM.ActiveCfg = Debug|Any CPU
		{5279D487-59FA-4D01-9D7A-EA7387D8B67C}.Debug|ARM.Build.0 = Debug|Any CPU
		{5279D487-59FA-4D01-9D7A-EA7387D8B67C}.Debug|ARM64.ActiveCfg = Debug|Any CPU
		{5279D487-59FA-4D01-9D7A-EA7387D8B67C}.Debug|ARM64.Build.0 = Debug|Any CPU
		{5279D487-59FA-4D01-9D7A-EA7387D8B67C}.Debug|Mixed Platforms.ActiveCfg = Debug|Any CPU
		{5279D487-59FA-4D01-9D7A-EA7387D8B67C}.Debug|Mixed Platforms.Build.0 = Debug|Any CPU
		{5279D487-59FA-4D01-9D7A-EA7387D8B67C}.Debug|x64.ActiveCfg = Debug|Any CPU
		{5279D487-59FA-4D01-9D7A-EA7387D8B67C}.Debug|x64.Build.0 = Debug|Any CPU
		{5279D487-59FA-4D01-9D7A-EA7387D8B67C}.Debug|x86.ActiveCfg = Debug|Any CPU
		{5279D487-59FA-4D01-9D7A-EA7387D8B67C}.Debug|x86.Build.0 = Debug|Any CPU
		{5279D487-59FA-4D01-9D7A-EA7387D8B67C}.Release|Any CPU.ActiveCfg = Release|Any CPU
		{5279D487-59FA-4D01-9D7A-EA7387D8B67C}.Release|Any CPU.Build.0 = Release|Any CPU
		{5279D487-59FA-4D01-9D7A-EA7387D8B67C}.Release|ARM.ActiveCfg = Release|Any CPU
		{5279D487-59FA-4D01-9D7A-EA7387D8B67C}.Release|ARM.Build.0 = Release|Any CPU
		{5279D487-59FA-4D01-9D7A-EA7387D8B67C}.Release|ARM64.ActiveCfg = Release|Any CPU
		{5279D487-59FA-4D01-9D7A-EA7387D8B67C}.Release|ARM64.Build.0 = Release|Any CPU
		{5279D487-59FA-4D01-9D7A-EA7387D8B67C}.Release|Mixed Platforms.ActiveCfg = Release|Any CPU
		{5279D487-59FA-4D01-9D7A-EA7387D8B67C}.Release|Mixed Platforms.Build.0 = Release|Any CPU
		{5279D487-59FA-4D01-9D7A-EA7387D8B67C}.Release|x64.ActiveCfg = Release|Any CPU
		{5279D487-59FA-4D01-9D7A-EA7387D8B67C}.Release|x64.Build.0 = Release|Any CPU
		{5279D487-59FA-4D01-9D7A-EA7387D8B67C}.Release|x86.ActiveCfg = Release|Any CPU
		{5279D487-59FA-4D01-9D7A-EA7387D8B67C}.Release|x86.Build.0 = Release|Any CPU
		{DE4DC8A8-9008-4769-A7C2-F52F4F733944}.Debug|Any CPU.ActiveCfg = Debug|Any CPU
		{DE4DC8A8-9008-4769-A7C2-F52F4F733944}.Debug|ARM.ActiveCfg = Debug|Any CPU
		{DE4DC8A8-9008-4769-A7C2-F52F4F733944}.Debug|ARM.Build.0 = Debug|Any CPU
		{DE4DC8A8-9008-4769-A7C2-F52F4F733944}.Debug|ARM64.ActiveCfg = Debug|Any CPU
		{DE4DC8A8-9008-4769-A7C2-F52F4F733944}.Debug|ARM64.Build.0 = Debug|Any CPU
		{DE4DC8A8-9008-4769-A7C2-F52F4F733944}.Debug|Mixed Platforms.ActiveCfg = Debug|Any CPU
		{DE4DC8A8-9008-4769-A7C2-F52F4F733944}.Debug|x64.ActiveCfg = Debug|Any CPU
		{DE4DC8A8-9008-4769-A7C2-F52F4F733944}.Debug|x64.Build.0 = Debug|Any CPU
		{DE4DC8A8-9008-4769-A7C2-F52F4F733944}.Debug|x86.ActiveCfg = Debug|Any CPU
		{DE4DC8A8-9008-4769-A7C2-F52F4F733944}.Release|Any CPU.ActiveCfg = Release|Any CPU
		{DE4DC8A8-9008-4769-A7C2-F52F4F733944}.Release|ARM.ActiveCfg = Release|Any CPU
		{DE4DC8A8-9008-4769-A7C2-F52F4F733944}.Release|ARM.Build.0 = Release|Any CPU
		{DE4DC8A8-9008-4769-A7C2-F52F4F733944}.Release|ARM64.ActiveCfg = Release|Any CPU
		{DE4DC8A8-9008-4769-A7C2-F52F4F733944}.Release|ARM64.Build.0 = Release|Any CPU
		{DE4DC8A8-9008-4769-A7C2-F52F4F733944}.Release|Mixed Platforms.ActiveCfg = Release|Any CPU
		{DE4DC8A8-9008-4769-A7C2-F52F4F733944}.Release|Mixed Platforms.Build.0 = Release|Any CPU
		{DE4DC8A8-9008-4769-A7C2-F52F4F733944}.Release|x64.ActiveCfg = Release|Any CPU
		{DE4DC8A8-9008-4769-A7C2-F52F4F733944}.Release|x64.Build.0 = Release|Any CPU
		{DE4DC8A8-9008-4769-A7C2-F52F4F733944}.Release|x86.ActiveCfg = Release|Any CPU
		{8B1F5F40-510E-4128-92D4-6CBF85DA952D}.Debug|Any CPU.ActiveCfg = Debug|Any CPU
		{8B1F5F40-510E-4128-92D4-6CBF85DA952D}.Debug|Any CPU.Build.0 = Debug|Any CPU
		{8B1F5F40-510E-4128-92D4-6CBF85DA952D}.Debug|ARM.ActiveCfg = Debug|Any CPU
		{8B1F5F40-510E-4128-92D4-6CBF85DA952D}.Debug|ARM.Build.0 = Debug|Any CPU
		{8B1F5F40-510E-4128-92D4-6CBF85DA952D}.Debug|ARM64.ActiveCfg = Debug|Any CPU
		{8B1F5F40-510E-4128-92D4-6CBF85DA952D}.Debug|ARM64.Build.0 = Debug|Any CPU
		{8B1F5F40-510E-4128-92D4-6CBF85DA952D}.Debug|Mixed Platforms.ActiveCfg = Debug|Any CPU
		{8B1F5F40-510E-4128-92D4-6CBF85DA952D}.Debug|Mixed Platforms.Build.0 = Debug|Any CPU
		{8B1F5F40-510E-4128-92D4-6CBF85DA952D}.Debug|x64.ActiveCfg = Debug|Any CPU
		{8B1F5F40-510E-4128-92D4-6CBF85DA952D}.Debug|x64.Build.0 = Debug|Any CPU
		{8B1F5F40-510E-4128-92D4-6CBF85DA952D}.Debug|x86.ActiveCfg = Debug|Any CPU
		{8B1F5F40-510E-4128-92D4-6CBF85DA952D}.Debug|x86.Build.0 = Debug|Any CPU
		{8B1F5F40-510E-4128-92D4-6CBF85DA952D}.Release|Any CPU.ActiveCfg = Release|Any CPU
		{8B1F5F40-510E-4128-92D4-6CBF85DA952D}.Release|Any CPU.Build.0 = Release|Any CPU
		{8B1F5F40-510E-4128-92D4-6CBF85DA952D}.Release|ARM.ActiveCfg = Release|Any CPU
		{8B1F5F40-510E-4128-92D4-6CBF85DA952D}.Release|ARM.Build.0 = Release|Any CPU
		{8B1F5F40-510E-4128-92D4-6CBF85DA952D}.Release|ARM64.ActiveCfg = Release|Any CPU
		{8B1F5F40-510E-4128-92D4-6CBF85DA952D}.Release|ARM64.Build.0 = Release|Any CPU
		{8B1F5F40-510E-4128-92D4-6CBF85DA952D}.Release|Mixed Platforms.ActiveCfg = Release|Any CPU
		{8B1F5F40-510E-4128-92D4-6CBF85DA952D}.Release|Mixed Platforms.Build.0 = Release|Any CPU
		{8B1F5F40-510E-4128-92D4-6CBF85DA952D}.Release|x64.ActiveCfg = Release|Any CPU
		{8B1F5F40-510E-4128-92D4-6CBF85DA952D}.Release|x64.Build.0 = Release|Any CPU
		{8B1F5F40-510E-4128-92D4-6CBF85DA952D}.Release|x86.ActiveCfg = Release|Any CPU
		{8B1F5F40-510E-4128-92D4-6CBF85DA952D}.Release|x86.Build.0 = Release|Any CPU
		{7091A61E-0F5C-4FEA-B2F3-2538D53790CD}.Debug|Any CPU.ActiveCfg = Debug|Any CPU
		{7091A61E-0F5C-4FEA-B2F3-2538D53790CD}.Debug|Any CPU.Build.0 = Debug|Any CPU
		{7091A61E-0F5C-4FEA-B2F3-2538D53790CD}.Debug|ARM.ActiveCfg = Debug|Any CPU
		{7091A61E-0F5C-4FEA-B2F3-2538D53790CD}.Debug|ARM.Build.0 = Debug|Any CPU
		{7091A61E-0F5C-4FEA-B2F3-2538D53790CD}.Debug|ARM64.ActiveCfg = Debug|Any CPU
		{7091A61E-0F5C-4FEA-B2F3-2538D53790CD}.Debug|ARM64.Build.0 = Debug|Any CPU
		{7091A61E-0F5C-4FEA-B2F3-2538D53790CD}.Debug|Mixed Platforms.ActiveCfg = Debug|Any CPU
		{7091A61E-0F5C-4FEA-B2F3-2538D53790CD}.Debug|x64.ActiveCfg = Debug|Any CPU
		{7091A61E-0F5C-4FEA-B2F3-2538D53790CD}.Debug|x64.Build.0 = Debug|Any CPU
		{7091A61E-0F5C-4FEA-B2F3-2538D53790CD}.Debug|x86.ActiveCfg = Debug|Any CPU
		{7091A61E-0F5C-4FEA-B2F3-2538D53790CD}.Debug|x86.Build.0 = Debug|Any CPU
		{7091A61E-0F5C-4FEA-B2F3-2538D53790CD}.Release|Any CPU.ActiveCfg = Release|Any CPU
		{7091A61E-0F5C-4FEA-B2F3-2538D53790CD}.Release|Any CPU.Build.0 = Release|Any CPU
		{7091A61E-0F5C-4FEA-B2F3-2538D53790CD}.Release|ARM.ActiveCfg = Release|Any CPU
		{7091A61E-0F5C-4FEA-B2F3-2538D53790CD}.Release|ARM.Build.0 = Release|Any CPU
		{7091A61E-0F5C-4FEA-B2F3-2538D53790CD}.Release|ARM64.ActiveCfg = Release|Any CPU
		{7091A61E-0F5C-4FEA-B2F3-2538D53790CD}.Release|ARM64.Build.0 = Release|Any CPU
		{7091A61E-0F5C-4FEA-B2F3-2538D53790CD}.Release|Mixed Platforms.ActiveCfg = Release|Any CPU
		{7091A61E-0F5C-4FEA-B2F3-2538D53790CD}.Release|Mixed Platforms.Build.0 = Release|Any CPU
		{7091A61E-0F5C-4FEA-B2F3-2538D53790CD}.Release|x64.ActiveCfg = Release|Any CPU
		{7091A61E-0F5C-4FEA-B2F3-2538D53790CD}.Release|x64.Build.0 = Release|Any CPU
		{7091A61E-0F5C-4FEA-B2F3-2538D53790CD}.Release|x86.ActiveCfg = Release|Any CPU
		{7091A61E-0F5C-4FEA-B2F3-2538D53790CD}.Release|x86.Build.0 = Release|Any CPU
		{E9B8220B-6104-4FB2-BE74-18562ED032B7}.Debug|Any CPU.ActiveCfg = Debug|Any CPU
		{E9B8220B-6104-4FB2-BE74-18562ED032B7}.Debug|Any CPU.Build.0 = Debug|Any CPU
		{E9B8220B-6104-4FB2-BE74-18562ED032B7}.Debug|ARM.ActiveCfg = Debug|Any CPU
		{E9B8220B-6104-4FB2-BE74-18562ED032B7}.Debug|ARM.Build.0 = Debug|Any CPU
		{E9B8220B-6104-4FB2-BE74-18562ED032B7}.Debug|ARM64.ActiveCfg = Debug|Any CPU
		{E9B8220B-6104-4FB2-BE74-18562ED032B7}.Debug|ARM64.Build.0 = Debug|Any CPU
		{E9B8220B-6104-4FB2-BE74-18562ED032B7}.Debug|Mixed Platforms.ActiveCfg = Debug|Any CPU
		{E9B8220B-6104-4FB2-BE74-18562ED032B7}.Debug|x64.ActiveCfg = Debug|Any CPU
		{E9B8220B-6104-4FB2-BE74-18562ED032B7}.Debug|x64.Build.0 = Debug|Any CPU
		{E9B8220B-6104-4FB2-BE74-18562ED032B7}.Debug|x86.ActiveCfg = Debug|Any CPU
		{E9B8220B-6104-4FB2-BE74-18562ED032B7}.Debug|x86.Build.0 = Debug|Any CPU
		{E9B8220B-6104-4FB2-BE74-18562ED032B7}.Release|Any CPU.ActiveCfg = Release|Any CPU
		{E9B8220B-6104-4FB2-BE74-18562ED032B7}.Release|Any CPU.Build.0 = Release|Any CPU
		{E9B8220B-6104-4FB2-BE74-18562ED032B7}.Release|ARM.ActiveCfg = Release|Any CPU
		{E9B8220B-6104-4FB2-BE74-18562ED032B7}.Release|ARM.Build.0 = Release|Any CPU
		{E9B8220B-6104-4FB2-BE74-18562ED032B7}.Release|ARM64.ActiveCfg = Release|Any CPU
		{E9B8220B-6104-4FB2-BE74-18562ED032B7}.Release|ARM64.Build.0 = Release|Any CPU
		{E9B8220B-6104-4FB2-BE74-18562ED032B7}.Release|Mixed Platforms.ActiveCfg = Release|Any CPU
		{E9B8220B-6104-4FB2-BE74-18562ED032B7}.Release|Mixed Platforms.Build.0 = Release|Any CPU
		{E9B8220B-6104-4FB2-BE74-18562ED032B7}.Release|x64.ActiveCfg = Release|Any CPU
		{E9B8220B-6104-4FB2-BE74-18562ED032B7}.Release|x64.Build.0 = Release|Any CPU
		{E9B8220B-6104-4FB2-BE74-18562ED032B7}.Release|x86.ActiveCfg = Release|Any CPU
		{E9B8220B-6104-4FB2-BE74-18562ED032B7}.Release|x86.Build.0 = Release|Any CPU
		{EFEFAA42-3F34-445E-B63F-2C6BA54EDAA7}.Debug|Any CPU.ActiveCfg = Debug|x86
		{EFEFAA42-3F34-445E-B63F-2C6BA54EDAA7}.Debug|ARM.ActiveCfg = Debug|ARM
		{EFEFAA42-3F34-445E-B63F-2C6BA54EDAA7}.Debug|ARM.Build.0 = Debug|ARM
		{EFEFAA42-3F34-445E-B63F-2C6BA54EDAA7}.Debug|ARM64.ActiveCfg = Debug|x86
		{EFEFAA42-3F34-445E-B63F-2C6BA54EDAA7}.Debug|Mixed Platforms.ActiveCfg = Debug|x86
		{EFEFAA42-3F34-445E-B63F-2C6BA54EDAA7}.Debug|Mixed Platforms.Build.0 = Debug|x86
		{EFEFAA42-3F34-445E-B63F-2C6BA54EDAA7}.Debug|x64.ActiveCfg = Debug|x64
		{EFEFAA42-3F34-445E-B63F-2C6BA54EDAA7}.Debug|x64.Build.0 = Debug|x64
		{EFEFAA42-3F34-445E-B63F-2C6BA54EDAA7}.Debug|x86.ActiveCfg = Debug|x86
		{EFEFAA42-3F34-445E-B63F-2C6BA54EDAA7}.Debug|x86.Build.0 = Debug|x86
		{EFEFAA42-3F34-445E-B63F-2C6BA54EDAA7}.Release|Any CPU.ActiveCfg = Release|x86
		{EFEFAA42-3F34-445E-B63F-2C6BA54EDAA7}.Release|ARM.ActiveCfg = Release|ARM
		{EFEFAA42-3F34-445E-B63F-2C6BA54EDAA7}.Release|ARM.Build.0 = Release|ARM
		{EFEFAA42-3F34-445E-B63F-2C6BA54EDAA7}.Release|ARM64.ActiveCfg = Release|x86
		{EFEFAA42-3F34-445E-B63F-2C6BA54EDAA7}.Release|Mixed Platforms.ActiveCfg = Release|x86
		{EFEFAA42-3F34-445E-B63F-2C6BA54EDAA7}.Release|Mixed Platforms.Build.0 = Release|x86
		{EFEFAA42-3F34-445E-B63F-2C6BA54EDAA7}.Release|x64.ActiveCfg = Release|x64
		{EFEFAA42-3F34-445E-B63F-2C6BA54EDAA7}.Release|x64.Build.0 = Release|x64
		{EFEFAA42-3F34-445E-B63F-2C6BA54EDAA7}.Release|x86.ActiveCfg = Release|x86
		{EFEFAA42-3F34-445E-B63F-2C6BA54EDAA7}.Release|x86.Build.0 = Release|x86
		{8EDF4429-251A-416D-BB68-93F227191BCF}.Debug|Any CPU.ActiveCfg = Debug|Any CPU
		{8EDF4429-251A-416D-BB68-93F227191BCF}.Debug|Any CPU.Build.0 = Debug|Any CPU
		{8EDF4429-251A-416D-BB68-93F227191BCF}.Debug|ARM.ActiveCfg = Debug|Any CPU
		{8EDF4429-251A-416D-BB68-93F227191BCF}.Debug|ARM.Build.0 = Debug|Any CPU
		{8EDF4429-251A-416D-BB68-93F227191BCF}.Debug|ARM64.ActiveCfg = Debug|Any CPU
		{8EDF4429-251A-416D-BB68-93F227191BCF}.Debug|ARM64.Build.0 = Debug|Any CPU
		{8EDF4429-251A-416D-BB68-93F227191BCF}.Debug|Mixed Platforms.ActiveCfg = Debug|Any CPU
		{8EDF4429-251A-416D-BB68-93F227191BCF}.Debug|Mixed Platforms.Build.0 = Debug|Any CPU
		{8EDF4429-251A-416D-BB68-93F227191BCF}.Debug|x64.ActiveCfg = Debug|Any CPU
		{8EDF4429-251A-416D-BB68-93F227191BCF}.Debug|x64.Build.0 = Debug|Any CPU
		{8EDF4429-251A-416D-BB68-93F227191BCF}.Debug|x86.ActiveCfg = Debug|Any CPU
		{8EDF4429-251A-416D-BB68-93F227191BCF}.Debug|x86.Build.0 = Debug|Any CPU
		{8EDF4429-251A-416D-BB68-93F227191BCF}.Release|Any CPU.ActiveCfg = Release|Any CPU
		{8EDF4429-251A-416D-BB68-93F227191BCF}.Release|Any CPU.Build.0 = Release|Any CPU
		{8EDF4429-251A-416D-BB68-93F227191BCF}.Release|ARM.ActiveCfg = Release|Any CPU
		{8EDF4429-251A-416D-BB68-93F227191BCF}.Release|ARM.Build.0 = Release|Any CPU
		{8EDF4429-251A-416D-BB68-93F227191BCF}.Release|ARM64.ActiveCfg = Release|Any CPU
		{8EDF4429-251A-416D-BB68-93F227191BCF}.Release|ARM64.Build.0 = Release|Any CPU
		{8EDF4429-251A-416D-BB68-93F227191BCF}.Release|Mixed Platforms.ActiveCfg = Release|Any CPU
		{8EDF4429-251A-416D-BB68-93F227191BCF}.Release|Mixed Platforms.Build.0 = Release|Any CPU
		{8EDF4429-251A-416D-BB68-93F227191BCF}.Release|x64.ActiveCfg = Release|Any CPU
		{8EDF4429-251A-416D-BB68-93F227191BCF}.Release|x64.Build.0 = Release|Any CPU
		{8EDF4429-251A-416D-BB68-93F227191BCF}.Release|x86.ActiveCfg = Release|Any CPU
		{8EDF4429-251A-416D-BB68-93F227191BCF}.Release|x86.Build.0 = Release|Any CPU
	EndGlobalSection
	GlobalSection(SolutionProperties) = preSolution
		HideSolutionNode = FALSE
	EndGlobalSection
	GlobalSection(ExtensibilityGlobals) = postSolution
		SolutionGuid = {8AF11B7C-1DF2-4AE0-B595-CF5ADC633242}
	EndGlobalSection
	GlobalSection(TestCaseManagementSettings) = postSolution
		CategoryFile = TaskService1.vsmdi
	EndGlobalSection
EndGlobal
