
Microsoft Visual Studio Solution File, Format Version 11.00
# Visual Studio 2010
Project("{FAE04EC0-301F-11D3-BF4B-00C04F79EFBC}") = "TaskService", "TaskService.csproj", "{81B5ABCC-6909-483D-8BB3-84B52E3C7043}"
EndProject
Project("{FAE04EC0-301F-11D3-BF4B-00C04F79EFBC}") = "TestTaskService", "TestTaskService\TestTaskService.csproj", "{207F8F60-0A74-4959-8623-5D258EB133EB}"
EndProject
Project("{F184B08F-C81C-45F6-A57F-5ABD9991F28F}") = "VBTestTaskService", "VBTestTaskService\VBTestTaskService.vbproj", "{8C410535-95B6-434B-A03D-1359884D0410}"
EndProject
Project("{FAE04EC0-301F-11D3-BF4B-00C04F79EFBC}") = "COMTask", "COMTask\COMTask.csproj", "{D8FF73D8-57A2-42E4-98C3-76C129BBB8F0}"
EndProject
Project("{FAE04EC0-301F-11D3-BF4B-00C04F79EFBC}") = "TaskEditor", "TaskEditor\TaskEditor.csproj", "{5279D487-59FA-4D01-9D7A-EA7387D8B67C}"
EndProject
Project("{7CF6DF6D-3B04-46F8-A40B-537D21BCA0B4}") = "TaskSchedulerHelp", "TaskSchedulerHelp\TaskSchedulerHelp.shfbproj", "{DE4DC8A8-9008-4769-A7C2-F52F4F733944}"
EndProject
Project("{FAE04EC0-301F-11D3-BF4B-00C04F79EFBC}") = "SecurityEditor", "SecurityEditor\SecurityEditor.csproj", "{31FC9051-D954-4F35-AB09-BBABB391549E}"
EndProject
Global
	GlobalSection(TeamFoundationVersionControl) = preSolution
		SccNumberOfProjects = 8
		SccEnterpriseProvider = {4CA58AB2-18FA-4F8D-95D4-32DDF27D184C}
		SccTeamFoundationServer = https://tfs.codeplex.com/tfs/tfs07
		SccLocalPath0 = .
		SccProjectUniqueName1 = TaskService.csproj
		SccLocalPath1 = .
		SccProjectUniqueName2 = TestTaskService\\TestTaskService.csproj
		SccProjectName2 = TestTaskService
		SccLocalPath2 = TestTaskService
		SccProjectUniqueName3 = VBTestTaskService\\VBTestTaskService.vbproj
		SccProjectName3 = VBTestTaskService
		SccLocalPath3 = VBTestTaskService
		SccProjectUniqueName4 = COMTask\\COMTask.csproj
		SccProjectName4 = COMTask
		SccLocalPath4 = COMTask
		SccProjectUniqueName5 = TaskEditor\\TaskEditor.csproj
		SccProjectName5 = TaskEditor
		SccLocalPath5 = TaskEditor
		SccProjectUniqueName6 = TaskSchedulerHelp\\TaskSchedulerHelp.shfbproj
		SccProjectName6 = TaskSchedulerHelp
		SccLocalPath6 = TaskSchedulerHelp
		SccProjectUniqueName7 = SecurityEditor\\SecurityEditor.csproj
		SccProjectName7 = SecurityEditor
		SccLocalPath7 = SecurityEditor
	EndGlobalSection
	GlobalSection(TestCaseManagementSettings) = postSolution
		CategoryFile = TaskService1.vsmdi
	EndGlobalSection
	GlobalSection(SolutionConfigurationPlatforms) = preSolution
		Debug|Any CPU = Debug|Any CPU
		Release|Any CPU = Release|Any CPU
	EndGlobalSection
	GlobalSection(ProjectConfigurationPlatforms) = postSolution
		{81B5ABCC-6909-483D-8BB3-84B52E3C7043}.Debug|Any CPU.ActiveCfg = Debug|Any CPU
		{81B5ABCC-6909-483D-8BB3-84B52E3C7043}.Debug|Any CPU.Build.0 = Debug|Any CPU
		{81B5ABCC-6909-483D-8BB3-84B52E3C7043}.Release|Any CPU.ActiveCfg = Release|Any CPU
		{81B5ABCC-6909-483D-8BB3-84B52E3C7043}.Release|Any CPU.Build.0 = Release|Any CPU
		{207F8F60-0A74-4959-8623-5D258EB133EB}.Debug|Any CPU.ActiveCfg = Debug|Any CPU
		{207F8F60-0A74-4959-8623-5D258EB133EB}.Debug|Any CPU.Build.0 = Debug|Any CPU
		{207F8F60-0A74-4959-8623-5D258EB133EB}.Release|Any CPU.ActiveCfg = Release|Any CPU
		{207F8F60-0A74-4959-8623-5D258EB133EB}.Release|Any CPU.Build.0 = Release|Any CPU
		{8C410535-95B6-434B-A03D-1359884D0410}.Debug|Any CPU.ActiveCfg = Debug|Any CPU
		{8C410535-95B6-434B-A03D-1359884D0410}.Release|Any CPU.ActiveCfg = Release|Any CPU
		{D8FF73D8-57A2-42E4-98C3-76C129BBB8F0}.Debug|Any CPU.ActiveCfg = Debug|Any CPU
		{D8FF73D8-57A2-42E4-98C3-76C129BBB8F0}.Release|Any CPU.ActiveCfg = Release|Any CPU
		{5279D487-59FA-4D01-9D7A-EA7387D8B67C}.Debug|Any CPU.ActiveCfg = Debug|Any CPU
		{5279D487-59FA-4D01-9D7A-EA7387D8B67C}.Debug|Any CPU.Build.0 = Debug|Any CPU
		{5279D487-59FA-4D01-9D7A-EA7387D8B67C}.Release|Any CPU.ActiveCfg = Release|Any CPU
		{5279D487-59FA-4D01-9D7A-EA7387D8B67C}.Release|Any CPU.Build.0 = Release|Any CPU
		{DE4DC8A8-9008-4769-A7C2-F52F4F733944}.Debug|Any CPU.ActiveCfg = Debug|Any CPU
		{DE4DC8A8-9008-4769-A7C2-F52F4F733944}.Release|Any CPU.ActiveCfg = Release|Any CPU
		{31FC9051-D954-4F35-AB09-BBABB391549E}.Debug|Any CPU.ActiveCfg = Debug|Any CPU
		{31FC9051-D954-4F35-AB09-BBABB391549E}.Release|Any CPU.ActiveCfg = Release|Any CPU
	EndGlobalSection
	GlobalSection(SolutionProperties) = preSolution
		HideSolutionNode = FALSE
	EndGlobalSection
EndGlobal
